
Microsoft Visual Studio Solution File, Format Version 12.00
# Visual Studio Version 17
VisualStudioVersion = 17.0.31919.166
MinimumVisualStudioVersion = 10.0.40219.1
Project("{8BC9CEB8-8B4A-11D0-8D11-00A0C91BC942}") = "myproject", "myproject\myproject.vcxproj", "{013E526C-8729-4150-BE0A-45DABBB64429}"
EndProject
Global
	GlobalSection(SolutionConfigurationPlatforms) = preSolution
		Debug|x64 = Debug|x64
		Debug|x86 = Debug|x86
		Release|x64 = Release|x64
		Release|x86 = Release|x86
	EndGlobalSection
	GlobalSection(ProjectConfigurationPlatforms) = postSolution
		{013E526C-8729-4150-BE0A-45DABBB64429}.Debug|x64.ActiveCfg = Debug|x64
		{013E526C-8729-4150-BE0A-45DABBB64429}.Debug|x64.Build.0 = Debug|x64
		{013E526C-8729-4150-BE0A-45DABBB64429}.Debug|x86.ActiveCfg = Debug|Win32
		{013E526C-8729-4150-BE0A-45DABBB64429}.Debug|x86.Build.0 = Debug|Win32
		{013E526C-8729-4150-BE0A-45DABBB64429}.Release|x64.ActiveCfg = Release|x64
		{013E526C-8729-4150-BE0A-45DABBB64429}.Release|x64.Build.0 = Release|x64
		{013E526C-8729-4150-BE0A-45DABBB64429}.Release|x86.ActiveCfg = Release|Win32
		{013E526C-8729-4150-BE0A-45DABBB64429}.Release|x86.Build.0 = Release|Win32
	EndGlobalSection
	GlobalSection(SolutionProperties) = preSolution
		HideSolutionNode = FALSE
	EndGlobalSection
	GlobalSection(ExtensibilityGlobals) = postSolution
		SolutionGuid = {50B7A6FD-C01E-46BD-AE3B-D1AEC3A2A5F9}
	EndGlobalSection
EndGlobal
